{
  "nodes": {
    "flake-utils": {
      "locked": {
        "lastModified": 1667395993,
        "narHash": "sha256-nuEHfE/LcWyuSWnS8t12N1wc105Qtau+/OdUAjtQ0rA=",
        "owner": "numtide",
        "repo": "flake-utils",
        "rev": "5aed5285a952e0b949eb3ba02c12fa4fcfef535f",
        "type": "github"
      },
      "original": {
        "id": "flake-utils",
        "type": "indirect"
      }
    },
    "nixpkgs": {
      "flake": false,
      "locked": {
        "lastModified": 1554754129,
        "narHash": "sha256-vhXFo18tl7IOppyjeDRUDSa75OMepO+TwD6p5yEWVWA=",
        "owner": "nixos",
        "repo": "nixpkgs",
        "rev": "f52505fac8c82716872a616c501ad9eff188f97f",
        "type": "github"
      },
      "original": {
        "owner": "nixos",
        "ref": "19.03",
        "repo": "nixpkgs",
        "type": "github"
      }
    },
    "root": {
      "inputs": {
        "flake-utils": "flake-utils",
        "nixpkgs": "nixpkgs"
      }
    }
  },
  "root": "root",
  "version": 7
}
