{
  "nodes": {
    "flake-utils": {
      "locked": {
        "lastModified": 1667395993,
        "narHash": "sha256-nuEHfE/LcWyuSWnS8t12N1wc105Qtau+/OdUAjtQ0rA=",
        "owner": "numtide",
        "repo": "flake-utils",
        "rev": "5aed5285a952e0b949eb3ba02c12fa4fcfef535f",
        "type": "github"
      },
      "original": {
        "id": "flake-utils",
        "type": "indirect"
      }
    },
    "nixpkgs": {
      "flake": false,
      "locked": {
        "lastModified": 1506657975,
        "narHash": "sha256-UI+jQUhxRreVrn2kl7SsUBjFdQiBRv2CXRLScBMk/U4=",
        "owner": "nixos",
        "repo": "nixpkgs",
        "rev": "39cd40f7bea40116ecb756d46a687bfd0d2e550e",
        "type": "github"
      },
      "original": {
        "owner": "nixos",
        "ref": "17.09",
        "repo": "nixpkgs",
        "type": "github"
      }
    },
    "root": {
      "inputs": {
        "flake-utils": "flake-utils",
        "nixpkgs": "nixpkgs"
      }
    }
  },
  "root": "root",
  "version": 7
}
